// !$*UTF8*$!
{
	archiveVersion = 1;
	classes = {
	};
	objectVersion = 55;
	objects = {

/* Begin PBXBuildFile section */
		AD727E2C27405FF0002452AA /* ButtonStyle.swift in Sources */ = {isa = PBXBuildFile; fileRef = AD727E2B27405FF0002452AA /* ButtonStyle.swift */; };
		AD727E2E2740600A002452AA /* DataModel.swift in Sources */ = {isa = PBXBuildFile; fileRef = AD727E2D2740600A002452AA /* DataModel.swift */; };
		AD727E3027406011002452AA /* ViewModel.swift in Sources */ = {isa = PBXBuildFile; fileRef = AD727E2F27406011002452AA /* ViewModel.swift */; };
		AD727E322740604B002452AA /* AddCourseView.swift in Sources */ = {isa = PBXBuildFile; fileRef = AD727E312740604B002452AA /* AddCourseView.swift */; };
		AD727E3427406051002452AA /* AddSemesterView.swift in Sources */ = {isa = PBXBuildFile; fileRef = AD727E3327406051002452AA /* AddSemesterView.swift */; };
		AD727E3627406055002452AA /* CourseView.swift in Sources */ = {isa = PBXBuildFile; fileRef = AD727E3527406055002452AA /* CourseView.swift */; };
		AD727E382740605A002452AA /* HomeView.swift in Sources */ = {isa = PBXBuildFile; fileRef = AD727E372740605A002452AA /* HomeView.swift */; };
		AD727E3A2740605F002452AA /* SemesterView.swift in Sources */ = {isa = PBXBuildFile; fileRef = AD727E392740605F002452AA /* SemesterView.swift */; };
		AD727E3C27406064002452AA /* SettingsView.swift in Sources */ = {isa = PBXBuildFile; fileRef = AD727E3B27406064002452AA /* SettingsView.swift */; };
		AD727E3E2740606A002452AA /* ViewController.swift in Sources */ = {isa = PBXBuildFile; fileRef = AD727E3D2740606A002452AA /* ViewController.swift */; };
		AD91D3C82741B8E1002324E2 /* CourseTile.swift in Sources */ = {isa = PBXBuildFile; fileRef = AD91D3C72741B8E1002324E2 /* CourseTile.swift */; };
		AD91D3CA2741FC41002324E2 /* SemesterTile.swift in Sources */ = {isa = PBXBuildFile; fileRef = AD91D3C92741FC41002324E2 /* SemesterTile.swift */; };
		ADA18F1B27405EE700433379 /* GPA_CalculatorApp.swift in Sources */ = {isa = PBXBuildFile; fileRef = ADA18F1A27405EE700433379 /* GPA_CalculatorApp.swift */; };
		ADA18F1F27405EE800433379 /* Assets.xcassets in Resources */ = {isa = PBXBuildFile; fileRef = ADA18F1E27405EE800433379 /* Assets.xcassets */; };
		ADA18F2227405EE800433379 /* Preview Assets.xcassets in Resources */ = {isa = PBXBuildFile; fileRef = ADA18F2127405EE800433379 /* Preview Assets.xcassets */; };
		ADA18F2D27405FC000433379 /* extension.swift in Sources */ = {isa = PBXBuildFile; fileRef = ADA18F2C27405FC000433379 /* extension.swift */; };
/* End PBXBuildFile section */

/* Begin PBXFileReference section */
		AD727E2B27405FF0002452AA /* ButtonStyle.swift */ = {isa = PBXFileReference; lastKnownFileType = sourcecode.swift; path = ButtonStyle.swift; sourceTree = "<group>"; };
		AD727E2D2740600A002452AA /* DataModel.swift */ = {isa = PBXFileReference; lastKnownFileType = sourcecode.swift; path = DataModel.swift; sourceTree = "<group>"; };
		AD727E2F27406011002452AA /* ViewModel.swift */ = {isa = PBXFileReference; lastKnownFileType = sourcecode.swift; path = ViewModel.swift; sourceTree = "<group>"; };
		AD727E312740604B002452AA /* AddCourseView.swift */ = {isa = PBXFileReference; lastKnownFileType = sourcecode.swift; path = AddCourseView.swift; sourceTree = "<group>"; };
		AD727E3327406051002452AA /* AddSemesterView.swift */ = {isa = PBXFileReference; lastKnownFileType = sourcecode.swift; path = AddSemesterView.swift; sourceTree = "<group>"; };
		AD727E3527406055002452AA /* CourseView.swift */ = {isa = PBXFileReference; lastKnownFileType = sourcecode.swift; path = CourseView.swift; sourceTree = "<group>"; };
		AD727E372740605A002452AA /* HomeView.swift */ = {isa = PBXFileReference; lastKnownFileType = sourcecode.swift; path = HomeView.swift; sourceTree = "<group>"; };
		AD727E392740605F002452AA /* SemesterView.swift */ = {isa = PBXFileReference; lastKnownFileType = sourcecode.swift; path = SemesterView.swift; sourceTree = "<group>"; };
		AD727E3B27406064002452AA /* SettingsView.swift */ = {isa = PBXFileReference; lastKnownFileType = sourcecode.swift; path = SettingsView.swift; sourceTree = "<group>"; };
		AD727E3D2740606A002452AA /* ViewController.swift */ = {isa = PBXFileReference; lastKnownFileType = sourcecode.swift; path = ViewController.swift; sourceTree = "<group>"; };
		AD91D3C72741B8E1002324E2 /* CourseTile.swift */ = {isa = PBXFileReference; lastKnownFileType = sourcecode.swift; path = CourseTile.swift; sourceTree = "<group>"; };
		AD91D3C92741FC41002324E2 /* SemesterTile.swift */ = {isa = PBXFileReference; lastKnownFileType = sourcecode.swift; path = SemesterTile.swift; sourceTree = "<group>"; };
		ADA18F1727405EE700433379 /* GPA Calculator.app */ = {isa = PBXFileReference; explicitFileType = wrapper.application; includeInIndex = 0; path = "GPA Calculator.app"; sourceTree = BUILT_PRODUCTS_DIR; };
		ADA18F1A27405EE700433379 /* GPA_CalculatorApp.swift */ = {isa = PBXFileReference; lastKnownFileType = sourcecode.swift; path = GPA_CalculatorApp.swift; sourceTree = "<group>"; };
		ADA18F1E27405EE800433379 /* Assets.xcassets */ = {isa = PBXFileReference; lastKnownFileType = folder.assetcatalog; path = Assets.xcassets; sourceTree = "<group>"; };
		ADA18F2127405EE800433379 /* Preview Assets.xcassets */ = {isa = PBXFileReference; lastKnownFileType = folder.assetcatalog; path = "Preview Assets.xcassets"; sourceTree = "<group>"; };
		ADA18F2C27405FC000433379 /* extension.swift */ = {isa = PBXFileReference; lastKnownFileType = sourcecode.swift; path = extension.swift; sourceTree = "<group>"; };
/* End PBXFileReference section */

/* Begin PBXFrameworksBuildPhase section */
		ADA18F1427405EE700433379 /* Frameworks */ = {
			isa = PBXFrameworksBuildPhase;
			buildActionMask = 2147483647;
			files = (
			);
			runOnlyForDeploymentPostprocessing = 0;
		};
/* End PBXFrameworksBuildPhase section */

/* Begin PBXGroup section */
		AD91D3C62741B8CE002324E2 /* Tiles */ = {
			isa = PBXGroup;
			children = (
				AD91D3C72741B8E1002324E2 /* CourseTile.swift */,
				AD91D3C92741FC41002324E2 /* SemesterTile.swift */,
			);
			path = Tiles;
			sourceTree = "<group>";
		};
		ADA18F0E27405EE700433379 = {
			isa = PBXGroup;
			children = (
				ADA18F1927405EE700433379 /* GPA Calculator */,
				ADA18F1827405EE700433379 /* Products */,
			);
			sourceTree = "<group>";
		};
		ADA18F1827405EE700433379 /* Products */ = {
			isa = PBXGroup;
			children = (
				ADA18F1727405EE700433379 /* GPA Calculator.app */,
			);
			name = Products;
			sourceTree = "<group>";
		};
		ADA18F1927405EE700433379 /* GPA Calculator */ = {
			isa = PBXGroup;
			children = (
				ADA18F1A27405EE700433379 /* GPA_CalculatorApp.swift */,
				AD91D3C62741B8CE002324E2 /* Tiles */,
				ADA18F2A27405F9900433379 /* Model */,
				ADA18F2B27405FA900433379 /* Views */,
				ADA18F2927405F8000433379 /* ButtonStyle */,
				ADA18F2827405F6E00433379 /* Elements */,
				ADA18F1E27405EE800433379 /* Assets.xcassets */,
				ADA18F2027405EE800433379 /* Preview Content */,
			);
			path = "GPA Calculator";
			sourceTree = "<group>";
		};
		ADA18F2027405EE800433379 /* Preview Content */ = {
			isa = PBXGroup;
			children = (
				ADA18F2127405EE800433379 /* Preview Assets.xcassets */,
			);
			path = "Preview Content";
			sourceTree = "<group>";
		};
		ADA18F2827405F6E00433379 /* Elements */ = {
			isa = PBXGroup;
			children = (
				ADA18F2C27405FC000433379 /* extension.swift */,
			);
			path = Elements;
			sourceTree = "<group>";
		};
		ADA18F2927405F8000433379 /* ButtonStyle */ = {
			isa = PBXGroup;
			children = (
				AD727E2B27405FF0002452AA /* ButtonStyle.swift */,
			);
			path = ButtonStyle;
			sourceTree = "<group>";
		};
		ADA18F2A27405F9900433379 /* Model */ = {
			isa = PBXGroup;
			children = (
				AD727E2D2740600A002452AA /* DataModel.swift */,
				AD727E2F27406011002452AA /* ViewModel.swift */,
			);
			path = Model;
			sourceTree = "<group>";
		};
		ADA18F2B27405FA900433379 /* Views */ = {
			isa = PBXGroup;
			children = (
				AD727E3D2740606A002452AA /* ViewController.swift */,
				AD727E372740605A002452AA /* HomeView.swift */,
				AD727E3B27406064002452AA /* SettingsView.swift */,
				AD727E3327406051002452AA /* AddSemesterView.swift */,
				AD727E312740604B002452AA /* AddCourseView.swift */,
				AD727E3527406055002452AA /* CourseView.swift */,
				AD727E392740605F002452AA /* SemesterView.swift */,
			);
			path = Views;
			sourceTree = "<group>";
		};
/* End PBXGroup section */

/* Begin PBXNativeTarget section */
		ADA18F1627405EE700433379 /* GPA Calculator */ = {
			isa = PBXNativeTarget;
			buildConfigurationList = ADA18F2527405EE800433379 /* Build configuration list for PBXNativeTarget "GPA Calculator" */;
			buildPhases = (
				ADA18F1327405EE700433379 /* Sources */,
				ADA18F1427405EE700433379 /* Frameworks */,
				ADA18F1527405EE700433379 /* Resources */,
			);
			buildRules = (
			);
			dependencies = (
			);
			name = "GPA Calculator";
			productName = "GPA Calculator";
			productReference = ADA18F1727405EE700433379 /* GPA Calculator.app */;
			productType = "com.apple.product-type.application";
		};
/* End PBXNativeTarget section */

/* Begin PBXProject section */
		ADA18F0F27405EE700433379 /* Project object */ = {
			isa = PBXProject;
			attributes = {
				BuildIndependentTargetsInParallel = 1;
				LastSwiftUpdateCheck = 1300;
				LastUpgradeCheck = 1300;
				TargetAttributes = {
					ADA18F1627405EE700433379 = {
						CreatedOnToolsVersion = 13.0;
					};
				};
			};
			buildConfigurationList = ADA18F1227405EE700433379 /* Build configuration list for PBXProject "GPA Calculator" */;
			compatibilityVersion = "Xcode 13.0";
			developmentRegion = en;
			hasScannedForEncodings = 0;
			knownRegions = (
				en,
				Base,
			);
			mainGroup = ADA18F0E27405EE700433379;
			productRefGroup = ADA18F1827405EE700433379 /* Products */;
			projectDirPath = "";
			projectRoot = "";
			targets = (
				ADA18F1627405EE700433379 /* GPA Calculator */,
			);
		};
/* End PBXProject section */

/* Begin PBXResourcesBuildPhase section */
		ADA18F1527405EE700433379 /* Resources */ = {
			isa = PBXResourcesBuildPhase;
			buildActionMask = 2147483647;
			files = (
				ADA18F2227405EE800433379 /* Preview Assets.xcassets in Resources */,
				ADA18F1F27405EE800433379 /* Assets.xcassets in Resources */,
			);
			runOnlyForDeploymentPostprocessing = 0;
		};
/* End PBXResourcesBuildPhase section */

/* Begin PBXSourcesBuildPhase section */
		ADA18F1327405EE700433379 /* Sources */ = {
			isa = PBXSourcesBuildPhase;
			buildActionMask = 2147483647;
			files = (
				AD727E3A2740605F002452AA /* SemesterView.swift in Sources */,
				AD91D3C82741B8E1002324E2 /* CourseTile.swift in Sources */,
				AD727E2E2740600A002452AA /* DataModel.swift in Sources */,
				ADA18F2D27405FC000433379 /* extension.swift in Sources */,
				AD727E3627406055002452AA /* CourseView.swift in Sources */,
				AD727E382740605A002452AA /* HomeView.swift in Sources */,
				AD727E2C27405FF0002452AA /* ButtonStyle.swift in Sources */,
				AD727E3427406051002452AA /* AddSemesterView.swift in Sources */,
				AD727E3E2740606A002452AA /* ViewController.swift in Sources */,
				AD727E3027406011002452AA /* ViewModel.swift in Sources */,
				AD727E3C27406064002452AA /* SettingsView.swift in Sources */,
				AD91D3CA2741FC41002324E2 /* SemesterTile.swift in Sources */,
				AD727E322740604B002452AA /* AddCourseView.swift in Sources */,
				ADA18F1B27405EE700433379 /* GPA_CalculatorApp.swift in Sources */,
			);
			runOnlyForDeploymentPostprocessing = 0;
		};
/* End PBXSourcesBuildPhase section */

/* Begin XCBuildConfiguration section */
		ADA18F2327405EE800433379 /* Debug */ = {
			isa = XCBuildConfiguration;
			buildSettings = {
				ALWAYS_SEARCH_USER_PATHS = NO;
				CLANG_ANALYZER_NONNULL = YES;
				CLANG_ANALYZER_NUMBER_OBJECT_CONVERSION = YES_AGGRESSIVE;
				CLANG_CXX_LANGUAGE_STANDARD = "gnu++17";
				CLANG_CXX_LIBRARY = "libc++";
				CLANG_ENABLE_MODULES = YES;
				CLANG_ENABLE_OBJC_ARC = YES;
				CLANG_ENABLE_OBJC_WEAK = YES;
				CLANG_WARN_BLOCK_CAPTURE_AUTORELEASING = YES;
				CLANG_WARN_BOOL_CONVERSION = YES;
				CLANG_WARN_COMMA = YES;
				CLANG_WARN_CONSTANT_CONVERSION = YES;
				CLANG_WARN_DEPRECATED_OBJC_IMPLEMENTATIONS = YES;
				CLANG_WARN_DIRECT_OBJC_ISA_USAGE = YES_ERROR;
				CLANG_WARN_DOCUMENTATION_COMMENTS = YES;
				CLANG_WARN_EMPTY_BODY = YES;
				CLANG_WARN_ENUM_CONVERSION = YES;
				CLANG_WARN_INFINITE_RECURSION = YES;
				CLANG_WARN_INT_CONVERSION = YES;
				CLANG_WARN_NON_LITERAL_NULL_CONVERSION = YES;
				CLANG_WARN_OBJC_IMPLICIT_RETAIN_SELF = YES;
				CLANG_WARN_OBJC_LITERAL_CONVERSION = YES;
				CLANG_WARN_OBJC_ROOT_CLASS = YES_ERROR;
				CLANG_WARN_QUOTED_INCLUDE_IN_FRAMEWORK_HEADER = YES;
				CLANG_WARN_RANGE_LOOP_ANALYSIS = YES;
				CLANG_WARN_STRICT_PROTOTYPES = YES;
				CLANG_WARN_SUSPICIOUS_MOVE = YES;
				CLANG_WARN_UNGUARDED_AVAILABILITY = YES_AGGRESSIVE;
				CLANG_WARN_UNREACHABLE_CODE = YES;
				CLANG_WARN__DUPLICATE_METHOD_MATCH = YES;
				COPY_PHASE_STRIP = NO;
				DEBUG_INFORMATION_FORMAT = dwarf;
				ENABLE_STRICT_OBJC_MSGSEND = YES;
				ENABLE_TESTABILITY = YES;
				GCC_C_LANGUAGE_STANDARD = gnu11;
				GCC_DYNAMIC_NO_PIC = NO;
				GCC_NO_COMMON_BLOCKS = YES;
				GCC_OPTIMIZATION_LEVEL = 0;
				GCC_PREPROCESSOR_DEFINITIONS = (
					"DEBUG=1",
					"$(inherited)",
				);
				GCC_WARN_64_TO_32_BIT_CONVERSION = YES;
				GCC_WARN_ABOUT_RETURN_TYPE = YES_ERROR;
				GCC_WARN_UNDECLARED_SELECTOR = YES;
				GCC_WARN_UNINITIALIZED_AUTOS = YES_AGGRESSIVE;
				GCC_WARN_UNUSED_FUNCTION = YES;
				GCC_WARN_UNUSED_VARIABLE = YES;
				IPHONEOS_DEPLOYMENT_TARGET = 15.0;
				MTL_ENABLE_DEBUG_INFO = INCLUDE_SOURCE;
				MTL_FAST_MATH = YES;
				ONLY_ACTIVE_ARCH = YES;
				SDKROOT = iphoneos;
				SWIFT_ACTIVE_COMPILATION_CONDITIONS = DEBUG;
				SWIFT_OPTIMIZATION_LEVEL = "-Onone";
			};
			name = Debug;
		};
		ADA18F2427405EE800433379 /* Release */ = {
			isa = XCBuildConfiguration;
			buildSettings = {
				ALWAYS_SEARCH_USER_PATHS = NO;
				CLANG_ANALYZER_NONNULL = YES;
				CLANG_ANALYZER_NUMBER_OBJECT_CONVERSION = YES_AGGRESSIVE;
				CLANG_CXX_LANGUAGE_STANDARD = "gnu++17";
				CLANG_CXX_LIBRARY = "libc++";
				CLANG_ENABLE_MODULES = YES;
				CLANG_ENABLE_OBJC_ARC = YES;
				CLANG_ENABLE_OBJC_WEAK = YES;
				CLANG_WARN_BLOCK_CAPTURE_AUTORELEASING = YES;
				CLANG_WARN_BOOL_CONVERSION = YES;
				CLANG_WARN_COMMA = YES;
				CLANG_WARN_CONSTANT_CONVERSION = YES;
				CLANG_WARN_DEPRECATED_OBJC_IMPLEMENTATIONS = YES;
				CLANG_WARN_DIRECT_OBJC_ISA_USAGE = YES_ERROR;
				CLANG_WARN_DOCUMENTATION_COMMENTS = YES;
				CLANG_WARN_EMPTY_BODY = YES;
				CLANG_WARN_ENUM_CONVERSION = YES;
				CLANG_WARN_INFINITE_RECURSION = YES;
				CLANG_WARN_INT_CONVERSION = YES;
				CLANG_WARN_NON_LITERAL_NULL_CONVERSION = YES;
				CLANG_WARN_OBJC_IMPLICIT_RETAIN_SELF = YES;
				CLANG_WARN_OBJC_LITERAL_CONVERSION = YES;
				CLANG_WARN_OBJC_ROOT_CLASS = YES_ERROR;
				CLANG_WARN_QUOTED_INCLUDE_IN_FRAMEWORK_HEADER = YES;
				CLANG_WARN_RANGE_LOOP_ANALYSIS = YES;
				CLANG_WARN_STRICT_PROTOTYPES = YES;
				CLANG_WARN_SUSPICIOUS_MOVE = YES;
				CLANG_WARN_UNGUARDED_AVAILABILITY = YES_AGGRESSIVE;
				CLANG_WARN_UNREACHABLE_CODE = YES;
				CLANG_WARN__DUPLICATE_METHOD_MATCH = YES;
				COPY_PHASE_STRIP = NO;
				DEBUG_INFORMATION_FORMAT = "dwarf-with-dsym";
				ENABLE_NS_ASSERTIONS = NO;
				ENABLE_STRICT_OBJC_MSGSEND = YES;
				GCC_C_LANGUAGE_STANDARD = gnu11;
				GCC_NO_COMMON_BLOCKS = YES;
				GCC_WARN_64_TO_32_BIT_CONVERSION = YES;
				GCC_WARN_ABOUT_RETURN_TYPE = YES_ERROR;
				GCC_WARN_UNDECLARED_SELECTOR = YES;
				GCC_WARN_UNINITIALIZED_AUTOS = YES_AGGRESSIVE;
				GCC_WARN_UNUSED_FUNCTION = YES;
				GCC_WARN_UNUSED_VARIABLE = YES;
				IPHONEOS_DEPLOYMENT_TARGET = 15.0;
				MTL_ENABLE_DEBUG_INFO = NO;
				MTL_FAST_MATH = YES;
				SDKROOT = iphoneos;
				SWIFT_COMPILATION_MODE = wholemodule;
				SWIFT_OPTIMIZATION_LEVEL = "-O";
				VALIDATE_PRODUCT = YES;
			};
			name = Release;
		};
		ADA18F2627405EE800433379 /* Debug */ = {
			isa = XCBuildConfiguration;
			buildSettings = {
				ASSETCATALOG_COMPILER_APPICON_NAME = AppIcon;
				ASSETCATALOG_COMPILER_GLOBAL_ACCENT_COLOR_NAME = AccentColor;
				CODE_SIGN_STYLE = Automatic;
				CURRENT_PROJECT_VERSION = 1;
				DEVELOPMENT_ASSET_PATHS = "\"GPA Calculator/Preview Content\"";
				DEVELOPMENT_TEAM = HA6YWKP834;
				ENABLE_PREVIEWS = YES;
				GENERATE_INFOPLIST_FILE = YES;
				INFOPLIST_KEY_UIApplicationSceneManifest_Generation = YES;
				INFOPLIST_KEY_UIApplicationSupportsIndirectInputEvents = YES;
				INFOPLIST_KEY_UILaunchScreen_Generation = YES;
				INFOPLIST_KEY_UISupportedInterfaceOrientations_iPad = "UIInterfaceOrientationPortrait UIInterfaceOrientationPortraitUpsideDown UIInterfaceOrientationLandscapeLeft UIInterfaceOrientationLandscapeRight";
				INFOPLIST_KEY_UISupportedInterfaceOrientations_iPhone = "UIInterfaceOrientationPortrait UIInterfaceOrientationLandscapeLeft UIInterfaceOrientationLandscapeRight";
				IPHONEOS_DEPLOYMENT_TARGET = 14.0;
				LD_RUNPATH_SEARCH_PATHS = (
					"$(inherited)",
					"@executable_path/Frameworks",
				);
				MARKETING_VERSION = 1.0;
				PRODUCT_BUNDLE_IDENTIFIER = "playground.GPA-Calculator";
				PRODUCT_NAME = "$(TARGET_NAME)";
				SWIFT_EMIT_LOC_STRINGS = YES;
				SWIFT_VERSION = 5.0;
				TARGETED_DEVICE_FAMILY = "1,2";
			};
			name = Debug;
		};
		ADA18F2727405EE800433379 /* Release */ = {
			isa = XCBuildConfiguration;
			buildSettings = {
				ASSETCATALOG_COMPILER_APPICON_NAME = AppIcon;
				ASSETCATALOG_COMPILER_GLOBAL_ACCENT_COLOR_NAME = AccentColor;
				CODE_SIGN_STYLE = Automatic;
				CURRENT_PROJECT_VERSION = 1;
				DEVELOPMENT_ASSET_PATHS = "\"GPA Calculator/Preview Content\"";
				DEVELOPMENT_TEAM = HA6YWKP834;
				ENABLE_PREVIEWS = YES;
				GENERATE_INFOPLIST_FILE = YES;
				INFOPLIST_KEY_UIApplicationSceneManifest_Generation = YES;
				INFOPLIST_KEY_UIApplicationSupportsIndirectInputEvents = YES;
				INFOPLIST_KEY_UILaunchScreen_Generation = YES;
				INFOPLIST_KEY_UISupportedInterfaceOrientations_iPad = "UIInterfaceOrientationPortrait UIInterfaceOrientationPortraitUpsideDown UIInterfaceOrientationLandscapeLeft UIInterfaceOrientationLandscapeRight";
				INFOPLIST_KEY_UISupportedInterfaceOrientations_iPhone = "UIInterfaceOrientationPortrait UIInterfaceOrientationLandscapeLeft UIInterfaceOrientationLandscapeRight";
				IPHONEOS_DEPLOYMENT_TARGET = 14.0;
				LD_RUNPATH_SEARCH_PATHS = (
					"$(inherited)",
					"@executable_path/Frameworks",
				);
				MARKETING_VERSION = 1.0;
				PRODUCT_BUNDLE_IDENTIFIER = "playground.GPA-Calculator";
				PRODUCT_NAME = "$(TARGET_NAME)";
				SWIFT_EMIT_LOC_STRINGS = YES;
				SWIFT_VERSION = 5.0;
				TARGETED_DEVICE_FAMILY = "1,2";
			};
			name = Release;
		};
/* End XCBuildConfiguration section */

/* Begin XCConfigurationList section */
		ADA18F1227405EE700433379 /* Build configuration list for PBXProject "GPA Calculator" */ = {
			isa = XCConfigurationList;
			buildConfigurations = (
				ADA18F2327405EE800433379 /* Debug */,
				ADA18F2427405EE800433379 /* Release */,
			);
			defaultConfigurationIsVisible = 0;
			defaultConfigurationName = Release;
		};
		ADA18F2527405EE800433379 /* Build configuration list for PBXNativeTarget "GPA Calculator" */ = {
			isa = XCConfigurationList;
			buildConfigurations = (
				ADA18F2627405EE800433379 /* Debug */,
				ADA18F2727405EE800433379 /* Release */,
			);
			defaultConfigurationIsVisible = 0;
			defaultConfigurationName = Release;
		};
/* End XCConfigurationList section */
	};
	rootObject = ADA18F0F27405EE700433379 /* Project object */;
}
